<?xml version="1.0" encoding="utf-8"?>
<Project ToolsVersion="4.0" xmlns="http://schemas.microsoft.com/developer/msbuild/2003">
  <ItemGroup>
    <Filter Include="Acorn">
      <UniqueIdentifier>{B869CF0C-247E-F7BD-EDFF-9A1D59D3F3EE}</UniqueIdentifier>
    </Filter>
  </ItemGroup>
  <ItemGroup>
    <ClInclude Include="src\Acorn.h" />
    <ClInclude Include="src\Acorn\Application.h">
      <Filter>Acorn</Filter>
    </ClInclude>
    <ClInclude Include="src\Acorn\Core.h">
      <Filter>Acorn</Filter>
    </ClInclude>
    <ClInclude Include="src\Acorn\EntryPoint.h">
      <Filter>Acorn</Filter>
    </ClInclude>
    <ClInclude Include="src\Acorn\Log.h">
      <Filter>Acorn</Filter>
    </ClInclude>
  </ItemGroup>
  <ItemGroup>
    <ClCompile Include="src\Acorn\Application.cpp">
      <Filter>Acorn</Filter>
    </ClCompile>
    <ClCompile Include="src\Acorn\Log.cpp">
      <Filter>Acorn</Filter>
    </ClCompile>
  </ItemGroup>
</Project>